// !$*UTF8*$!
{
	archiveVersion = 1;
	classes = {
	};
	objectVersion = 50;
	objects = {

/* Begin PBXBuildFile section */
		0A554B8B2330265C00138EA9 /* GameSceneExtension.swift in Sources */ = {isa = PBXBuildFile; fileRef = 0A554B8A2330265C00138EA9 /* GameSceneExtension.swift */; };
		0BBA207E2331782D00810283 /* ThankYou.mp3 in Resources */ = {isa = PBXBuildFile; fileRef = 0BBA20722331766000810283 /* ThankYou.mp3 */; };
		0BBA208023317AF000810283 /* cool.mp3 in Resources */ = {isa = PBXBuildFile; fileRef = 0BBA207F23317AF000810283 /* cool.mp3 */; };
		0BBA208223317AF700810283 /* great.mp3 in Resources */ = {isa = PBXBuildFile; fileRef = 0BBA208123317AF700810283 /* great.mp3 */; };
		0BBA208423317B0000810283 /* awesome.mp3 in Resources */ = {isa = PBXBuildFile; fileRef = 0BBA208323317B0000810283 /* awesome.mp3 */; };
		0BBA208623317B0600810283 /* neat.mp3 in Resources */ = {isa = PBXBuildFile; fileRef = 0BBA208523317B0600810283 /* neat.mp3 */; };
		0BBA208823317B0A00810283 /* whoa.mp3 in Resources */ = {isa = PBXBuildFile; fileRef = 0BBA208723317B0A00810283 /* whoa.mp3 */; };
		0BEF6A56232FF20700E86319 /* PomRas.atlas in Resources */ = {isa = PBXBuildFile; fileRef = 0BEF6A55232FF20700E86319 /* PomRas.atlas */; };
		55A61E4523317CE3001FB67A /* gypsy.mp3 in Resources */ = {isa = PBXBuildFile; fileRef = 55A61E4423317CE3001FB67A /* gypsy.mp3 */; };
		C614383E232C23A800D81401 /* AppDelegate.swift in Sources */ = {isa = PBXBuildFile; fileRef = C614383D232C23A800D81401 /* AppDelegate.swift */; };
		C6143840232C23A800D81401 /* GameScene.sks in Resources */ = {isa = PBXBuildFile; fileRef = C614383F232C23A800D81401 /* GameScene.sks */; };
		C6143842232C23A800D81401 /* Actions.sks in Resources */ = {isa = PBXBuildFile; fileRef = C6143841232C23A800D81401 /* Actions.sks */; };
		C6143844232C23A800D81401 /* GameScene.swift in Sources */ = {isa = PBXBuildFile; fileRef = C6143843232C23A800D81401 /* GameScene.swift */; };
		C6143846232C23A800D81401 /* GameViewController.swift in Sources */ = {isa = PBXBuildFile; fileRef = C6143845232C23A800D81401 /* GameViewController.swift */; };
		C6143849232C23A800D81401 /* Main.storyboard in Resources */ = {isa = PBXBuildFile; fileRef = C6143847232C23A800D81401 /* Main.storyboard */; };
		C614384B232C23A900D81401 /* Assets.xcassets in Resources */ = {isa = PBXBuildFile; fileRef = C614384A232C23A900D81401 /* Assets.xcassets */; };
		C614384E232C23A900D81401 /* LaunchScreen.storyboard in Resources */ = {isa = PBXBuildFile; fileRef = C614384C232C23A900D81401 /* LaunchScreen.storyboard */; };
		C6143859232C23A900D81401 /* flappyPomRasTests.swift in Sources */ = {isa = PBXBuildFile; fileRef = C6143858232C23A900D81401 /* flappyPomRasTests.swift */; };
		C6143867232C2A3F00D81401 /* model.swift in Sources */ = {isa = PBXBuildFile; fileRef = C6143866232C2A3F00D81401 /* model.swift */; };
/* End PBXBuildFile section */

/* Begin PBXContainerItemProxy section */
		C6143855232C23A900D81401 /* PBXContainerItemProxy */ = {
			isa = PBXContainerItemProxy;
			containerPortal = C6143832232C23A800D81401 /* Project object */;
			proxyType = 1;
			remoteGlobalIDString = C6143839232C23A800D81401;
			remoteInfo = flappyPomRas;
		};
/* End PBXContainerItemProxy section */

/* Begin PBXFileReference section */
		0A554B8A2330265C00138EA9 /* GameSceneExtension.swift */ = {isa = PBXFileReference; lastKnownFileType = sourcecode.swift; path = GameSceneExtension.swift; sourceTree = "<group>"; };
		0BBA20722331766000810283 /* ThankYou.mp3 */ = {isa = PBXFileReference; lastKnownFileType = audio.mp3; path = ThankYou.mp3; sourceTree = "<group>"; };
		0BBA207F23317AF000810283 /* cool.mp3 */ = {isa = PBXFileReference; lastKnownFileType = audio.mp3; path = cool.mp3; sourceTree = "<group>"; };
		0BBA208123317AF700810283 /* great.mp3 */ = {isa = PBXFileReference; lastKnownFileType = audio.mp3; path = great.mp3; sourceTree = "<group>"; };
		0BBA208323317B0000810283 /* awesome.mp3 */ = {isa = PBXFileReference; lastKnownFileType = audio.mp3; path = awesome.mp3; sourceTree = "<group>"; };
		0BBA208523317B0600810283 /* neat.mp3 */ = {isa = PBXFileReference; lastKnownFileType = audio.mp3; path = neat.mp3; sourceTree = "<group>"; };
		0BBA208723317B0A00810283 /* whoa.mp3 */ = {isa = PBXFileReference; lastKnownFileType = audio.mp3; path = whoa.mp3; sourceTree = "<group>"; };
		0BEF6A55232FF20700E86319 /* PomRas.atlas */ = {isa = PBXFileReference; lastKnownFileType = folder.skatlas; path = PomRas.atlas; sourceTree = "<group>"; };
		55A61E4423317CE3001FB67A /* gypsy.mp3 */ = {isa = PBXFileReference; lastKnownFileType = audio.mp3; path = gypsy.mp3; sourceTree = "<group>"; };
		C614383A232C23A800D81401 /* flappyPomRas.app */ = {isa = PBXFileReference; explicitFileType = wrapper.application; includeInIndex = 0; path = flappyPomRas.app; sourceTree = BUILT_PRODUCTS_DIR; };
		C614383D232C23A800D81401 /* AppDelegate.swift */ = {isa = PBXFileReference; lastKnownFileType = sourcecode.swift; path = AppDelegate.swift; sourceTree = "<group>"; };
		C614383F232C23A800D81401 /* GameScene.sks */ = {isa = PBXFileReference; lastKnownFileType = file.sks; path = GameScene.sks; sourceTree = "<group>"; };
		C6143841232C23A800D81401 /* Actions.sks */ = {isa = PBXFileReference; lastKnownFileType = file.sks; path = Actions.sks; sourceTree = "<group>"; };
		C6143843232C23A800D81401 /* GameScene.swift */ = {isa = PBXFileReference; lastKnownFileType = sourcecode.swift; path = GameScene.swift; sourceTree = "<group>"; };
		C6143845232C23A800D81401 /* GameViewController.swift */ = {isa = PBXFileReference; lastKnownFileType = sourcecode.swift; path = GameViewController.swift; sourceTree = "<group>"; };
		C6143848232C23A800D81401 /* Base */ = {isa = PBXFileReference; lastKnownFileType = file.storyboard; name = Base; path = Base.lproj/Main.storyboard; sourceTree = "<group>"; };
		C614384A232C23A900D81401 /* Assets.xcassets */ = {isa = PBXFileReference; lastKnownFileType = folder.assetcatalog; path = Assets.xcassets; sourceTree = "<group>"; };
		C614384D232C23A900D81401 /* Base */ = {isa = PBXFileReference; lastKnownFileType = file.storyboard; name = Base; path = Base.lproj/LaunchScreen.storyboard; sourceTree = "<group>"; };
		C614384F232C23A900D81401 /* Info.plist */ = {isa = PBXFileReference; lastKnownFileType = text.plist.xml; path = Info.plist; sourceTree = "<group>"; };
		C6143854232C23A900D81401 /* flappyPomRasTests.xctest */ = {isa = PBXFileReference; explicitFileType = wrapper.cfbundle; includeInIndex = 0; path = flappyPomRasTests.xctest; sourceTree = BUILT_PRODUCTS_DIR; };
		C6143858232C23A900D81401 /* flappyPomRasTests.swift */ = {isa = PBXFileReference; lastKnownFileType = sourcecode.swift; path = flappyPomRasTests.swift; sourceTree = "<group>"; };
		C614385A232C23A900D81401 /* Info.plist */ = {isa = PBXFileReference; lastKnownFileType = text.plist.xml; path = Info.plist; sourceTree = "<group>"; };
		C6143866232C2A3F00D81401 /* model.swift */ = {isa = PBXFileReference; lastKnownFileType = sourcecode.swift; path = model.swift; sourceTree = "<group>"; };
/* End PBXFileReference section */

/* Begin PBXFrameworksBuildPhase section */
		C6143837232C23A800D81401 /* Frameworks */ = {
			isa = PBXFrameworksBuildPhase;
			buildActionMask = 2147483647;
			files = (
			);
			runOnlyForDeploymentPostprocessing = 0;
		};
		C6143851232C23A900D81401 /* Frameworks */ = {
			isa = PBXFrameworksBuildPhase;
			buildActionMask = 2147483647;
			files = (
			);
			runOnlyForDeploymentPostprocessing = 0;
		};
/* End PBXFrameworksBuildPhase section */

/* Begin PBXGroup section */
		C6143831232C23A800D81401 = {
			isa = PBXGroup;
			children = (
				C614383C232C23A800D81401 /* flappyPomRas */,
				C6143857232C23A900D81401 /* flappyPomRasTests */,
				C614383B232C23A800D81401 /* Products */,
			);
			sourceTree = "<group>";
		};
		C614383B232C23A800D81401 /* Products */ = {
			isa = PBXGroup;
			children = (
				C614383A232C23A800D81401 /* flappyPomRas.app */,
				C6143854232C23A900D81401 /* flappyPomRasTests.xctest */,
			);
			name = Products;
			sourceTree = "<group>";
		};
		C614383C232C23A800D81401 /* flappyPomRas */ = {
			isa = PBXGroup;
			children = (
				55A61E4423317CE3001FB67A /* gypsy.mp3 */,
				0BBA207F23317AF000810283 /* cool.mp3 */,
				0BBA208123317AF700810283 /* great.mp3 */,
				0BBA208323317B0000810283 /* awesome.mp3 */,
				0BBA208523317B0600810283 /* neat.mp3 */,
				0BBA208723317B0A00810283 /* whoa.mp3 */,
				0BBA20722331766000810283 /* ThankYou.mp3 */,
				0BEF6A55232FF20700E86319 /* PomRas.atlas */,
				C6143864232C2A0000D81401 /* Controllers */,
				C6143868232C2A4600D81401 /* Model */,
				C6143863232C29F100D81401 /* View */,
				C6143865232C2A2500D81401 /* SupportFiles */,
				C614384F232C23A900D81401 /* Info.plist */,
			);
			path = flappyPomRas;
			sourceTree = "<group>";
		};
		C6143857232C23A900D81401 /* flappyPomRasTests */ = {
			isa = PBXGroup;
			children = (
				C6143858232C23A900D81401 /* flappyPomRasTests.swift */,
				C614385A232C23A900D81401 /* Info.plist */,
			);
			path = flappyPomRasTests;
			sourceTree = "<group>";
		};
		C6143863232C29F100D81401 /* View */ = {
			isa = PBXGroup;
			children = (
				C614383F232C23A800D81401 /* GameScene.sks */,
				C6143841232C23A800D81401 /* Actions.sks */,
				C6143847232C23A800D81401 /* Main.storyboard */,
			);
			path = View;
			sourceTree = "<group>";
		};
		C6143864232C2A0000D81401 /* Controllers */ = {
			isa = PBXGroup;
			children = (
				C6143843232C23A800D81401 /* GameScene.swift */,
				C6143845232C23A800D81401 /* GameViewController.swift */,
			);
			path = Controllers;
			sourceTree = "<group>";
		};
		C6143865232C2A2500D81401 /* SupportFiles */ = {
			isa = PBXGroup;
			children = (
				C614384A232C23A900D81401 /* Assets.xcassets */,
				C614383D232C23A800D81401 /* AppDelegate.swift */,
				C614384C232C23A900D81401 /* LaunchScreen.storyboard */,
			);
			path = SupportFiles;
			sourceTree = "<group>";
		};
		C6143868232C2A4600D81401 /* Model */ = {
			isa = PBXGroup;
			children = (
				C6143866232C2A3F00D81401 /* model.swift */,
				0A554B8A2330265C00138EA9 /* GameSceneExtension.swift */,
			);
			path = Model;
			sourceTree = "<group>";
		};
/* End PBXGroup section */

/* Begin PBXNativeTarget section */
		C6143839232C23A800D81401 /* flappyPomRas */ = {
			isa = PBXNativeTarget;
			buildConfigurationList = C614385D232C23A900D81401 /* Build configuration list for PBXNativeTarget "flappyPomRas" */;
			buildPhases = (
				C6143836232C23A800D81401 /* Sources */,
				C6143837232C23A800D81401 /* Frameworks */,
				C6143838232C23A800D81401 /* Resources */,
			);
			buildRules = (
			);
			dependencies = (
			);
			name = flappyPomRas;
			productName = flappyPomRas;
			productReference = C614383A232C23A800D81401 /* flappyPomRas.app */;
			productType = "com.apple.product-type.application";
		};
		C6143853232C23A900D81401 /* flappyPomRasTests */ = {
			isa = PBXNativeTarget;
			buildConfigurationList = C6143860232C23A900D81401 /* Build configuration list for PBXNativeTarget "flappyPomRasTests" */;
			buildPhases = (
				C6143850232C23A900D81401 /* Sources */,
				C6143851232C23A900D81401 /* Frameworks */,
				C6143852232C23A900D81401 /* Resources */,
			);
			buildRules = (
			);
			dependencies = (
				C6143856232C23A900D81401 /* PBXTargetDependency */,
			);
			name = flappyPomRasTests;
			productName = flappyPomRasTests;
			productReference = C6143854232C23A900D81401 /* flappyPomRasTests.xctest */;
			productType = "com.apple.product-type.bundle.unit-test";
		};
/* End PBXNativeTarget section */

/* Begin PBXProject section */
		C6143832232C23A800D81401 /* Project object */ = {
			isa = PBXProject;
			attributes = {
				LastSwiftUpdateCheck = 1030;
				LastUpgradeCheck = 1030;
				ORGANIZATIONNAME = "Alyson Abril";
				TargetAttributes = {
					C6143839232C23A800D81401 = {
						CreatedOnToolsVersion = 10.3;
					};
					C6143853232C23A900D81401 = {
						CreatedOnToolsVersion = 10.3;
						TestTargetID = C6143839232C23A800D81401;
					};
				};
			};
			buildConfigurationList = C6143835232C23A800D81401 /* Build configuration list for PBXProject "flappyPomRas" */;
			compatibilityVersion = "Xcode 9.3";
			developmentRegion = en;
			hasScannedForEncodings = 0;
			knownRegions = (
				en,
				Base,
			);
			mainGroup = C6143831232C23A800D81401;
			productRefGroup = C614383B232C23A800D81401 /* Products */;
			projectDirPath = "";
			projectRoot = "";
			targets = (
				C6143839232C23A800D81401 /* flappyPomRas */,
				C6143853232C23A900D81401 /* flappyPomRasTests */,
			);
		};
/* End PBXProject section */

/* Begin PBXResourcesBuildPhase section */
		C6143838232C23A800D81401 /* Resources */ = {
			isa = PBXResourcesBuildPhase;
			buildActionMask = 2147483647;
			files = (
				0BBA208423317B0000810283 /* awesome.mp3 in Resources */,
				0BBA208023317AF000810283 /* cool.mp3 in Resources */,
				0BBA207E2331782D00810283 /* ThankYou.mp3 in Resources */,
				55A61E4523317CE3001FB67A /* gypsy.mp3 in Resources */,
				C6143849232C23A800D81401 /* Main.storyboard in Resources */,
				0BEF6A56232FF20700E86319 /* PomRas.atlas in Resources */,
				C6143840232C23A800D81401 /* GameScene.sks in Resources */,
				0BBA208623317B0600810283 /* neat.mp3 in Resources */,
				C614384B232C23A900D81401 /* Assets.xcassets in Resources */,
				C614384E232C23A900D81401 /* LaunchScreen.storyboard in Resources */,
				0BBA208223317AF700810283 /* great.mp3 in Resources */,
				0BBA208823317B0A00810283 /* whoa.mp3 in Resources */,
				C6143842232C23A800D81401 /* Actions.sks in Resources */,
			);
			runOnlyForDeploymentPostprocessing = 0;
		};
		C6143852232C23A900D81401 /* Resources */ = {
			isa = PBXResourcesBuildPhase;
			buildActionMask = 2147483647;
			files = (
			);
			runOnlyForDeploymentPostprocessing = 0;
		};
/* End PBXResourcesBuildPhase section */

/* Begin PBXSourcesBuildPhase section */
		C6143836232C23A800D81401 /* Sources */ = {
			isa = PBXSourcesBuildPhase;
			buildActionMask = 2147483647;
			files = (
				C6143844232C23A800D81401 /* GameScene.swift in Sources */,
				C6143846232C23A800D81401 /* GameViewController.swift in Sources */,
				C614383E232C23A800D81401 /* AppDelegate.swift in Sources */,
				C6143867232C2A3F00D81401 /* model.swift in Sources */,
				0A554B8B2330265C00138EA9 /* GameSceneExtension.swift in Sources */,
			);
			runOnlyForDeploymentPostprocessing = 0;
		};
		C6143850232C23A900D81401 /* Sources */ = {
			isa = PBXSourcesBuildPhase;
			buildActionMask = 2147483647;
			files = (
				C6143859232C23A900D81401 /* flappyPomRasTests.swift in Sources */,
			);
			runOnlyForDeploymentPostprocessing = 0;
		};
/* End PBXSourcesBuildPhase section */

/* Begin PBXTargetDependency section */
		C6143856232C23A900D81401 /* PBXTargetDependency */ = {
			isa = PBXTargetDependency;
			target = C6143839232C23A800D81401 /* flappyPomRas */;
			targetProxy = C6143855232C23A900D81401 /* PBXContainerItemProxy */;
		};
/* End PBXTargetDependency section */

/* Begin PBXVariantGroup section */
		C6143847232C23A800D81401 /* Main.storyboard */ = {
			isa = PBXVariantGroup;
			children = (
				C6143848232C23A800D81401 /* Base */,
			);
			name = Main.storyboard;
			sourceTree = "<group>";
		};
		C614384C232C23A900D81401 /* LaunchScreen.storyboard */ = {
			isa = PBXVariantGroup;
			children = (
				C614384D232C23A900D81401 /* Base */,
			);
			name = LaunchScreen.storyboard;
			sourceTree = "<group>";
		};
/* End PBXVariantGroup section */

/* Begin XCBuildConfiguration section */
		C614385B232C23A900D81401 /* Debug */ = {
			isa = XCBuildConfiguration;
			buildSettings = {
				ALWAYS_SEARCH_USER_PATHS = NO;
				CLANG_ANALYZER_NONNULL = YES;
				CLANG_ANALYZER_NUMBER_OBJECT_CONVERSION = YES_AGGRESSIVE;
				CLANG_CXX_LANGUAGE_STANDARD = "gnu++14";
				CLANG_CXX_LIBRARY = "libc++";
				CLANG_ENABLE_MODULES = YES;
				CLANG_ENABLE_OBJC_ARC = YES;
				CLANG_ENABLE_OBJC_WEAK = YES;
				CLANG_WARN_BLOCK_CAPTURE_AUTORELEASING = YES;
				CLANG_WARN_BOOL_CONVERSION = YES;
				CLANG_WARN_COMMA = YES;
				CLANG_WARN_CONSTANT_CONVERSION = YES;
				CLANG_WARN_DEPRECATED_OBJC_IMPLEMENTATIONS = YES;
				CLANG_WARN_DIRECT_OBJC_ISA_USAGE = YES_ERROR;
				CLANG_WARN_DOCUMENTATION_COMMENTS = YES;
				CLANG_WARN_EMPTY_BODY = YES;
				CLANG_WARN_ENUM_CONVERSION = YES;
				CLANG_WARN_INFINITE_RECURSION = YES;
				CLANG_WARN_INT_CONVERSION = YES;
				CLANG_WARN_NON_LITERAL_NULL_CONVERSION = YES;
				CLANG_WARN_OBJC_IMPLICIT_RETAIN_SELF = YES;
				CLANG_WARN_OBJC_LITERAL_CONVERSION = YES;
				CLANG_WARN_OBJC_ROOT_CLASS = YES_ERROR;
				CLANG_WARN_RANGE_LOOP_ANALYSIS = YES;
				CLANG_WARN_STRICT_PROTOTYPES = YES;
				CLANG_WARN_SUSPICIOUS_MOVE = YES;
				CLANG_WARN_UNGUARDED_AVAILABILITY = YES_AGGRESSIVE;
				CLANG_WARN_UNREACHABLE_CODE = YES;
				CLANG_WARN__DUPLICATE_METHOD_MATCH = YES;
				CODE_SIGN_IDENTITY = "iPhone Developer";
				COPY_PHASE_STRIP = NO;
				DEBUG_INFORMATION_FORMAT = dwarf;
				ENABLE_STRICT_OBJC_MSGSEND = YES;
				ENABLE_TESTABILITY = YES;
				GCC_C_LANGUAGE_STANDARD = gnu11;
				GCC_DYNAMIC_NO_PIC = NO;
				GCC_NO_COMMON_BLOCKS = YES;
				GCC_OPTIMIZATION_LEVEL = 0;
				GCC_PREPROCESSOR_DEFINITIONS = (
					"DEBUG=1",
					"$(inherited)",
				);
				GCC_WARN_64_TO_32_BIT_CONVERSION = YES;
				GCC_WARN_ABOUT_RETURN_TYPE = YES_ERROR;
				GCC_WARN_UNDECLARED_SELECTOR = YES;
				GCC_WARN_UNINITIALIZED_AUTOS = YES_AGGRESSIVE;
				GCC_WARN_UNUSED_FUNCTION = YES;
				GCC_WARN_UNUSED_VARIABLE = YES;
				IPHONEOS_DEPLOYMENT_TARGET = 12.4;
				MTL_ENABLE_DEBUG_INFO = INCLUDE_SOURCE;
				MTL_FAST_MATH = YES;
				ONLY_ACTIVE_ARCH = YES;
				SDKROOT = iphoneos;
				SWIFT_ACTIVE_COMPILATION_CONDITIONS = DEBUG;
				SWIFT_OPTIMIZATION_LEVEL = "-Onone";
			};
			name = Debug;
		};
		C614385C232C23A900D81401 /* Release */ = {
			isa = XCBuildConfiguration;
			buildSettings = {
				ALWAYS_SEARCH_USER_PATHS = NO;
				CLANG_ANALYZER_NONNULL = YES;
				CLANG_ANALYZER_NUMBER_OBJECT_CONVERSION = YES_AGGRESSIVE;
				CLANG_CXX_LANGUAGE_STANDARD = "gnu++14";
				CLANG_CXX_LIBRARY = "libc++";
				CLANG_ENABLE_MODULES = YES;
				CLANG_ENABLE_OBJC_ARC = YES;
				CLANG_ENABLE_OBJC_WEAK = YES;
				CLANG_WARN_BLOCK_CAPTURE_AUTORELEASING = YES;
				CLANG_WARN_BOOL_CONVERSION = YES;
				CLANG_WARN_COMMA = YES;
				CLANG_WARN_CONSTANT_CONVERSION = YES;
				CLANG_WARN_DEPRECATED_OBJC_IMPLEMENTATIONS = YES;
				CLANG_WARN_DIRECT_OBJC_ISA_USAGE = YES_ERROR;
				CLANG_WARN_DOCUMENTATION_COMMENTS = YES;
				CLANG_WARN_EMPTY_BODY = YES;
				CLANG_WARN_ENUM_CONVERSION = YES;
				CLANG_WARN_INFINITE_RECURSION = YES;
				CLANG_WARN_INT_CONVERSION = YES;
				CLANG_WARN_NON_LITERAL_NULL_CONVERSION = YES;
				CLANG_WARN_OBJC_IMPLICIT_RETAIN_SELF = YES;
				CLANG_WARN_OBJC_LITERAL_CONVERSION = YES;
				CLANG_WARN_OBJC_ROOT_CLASS = YES_ERROR;
				CLANG_WARN_RANGE_LOOP_ANALYSIS = YES;
				CLANG_WARN_STRICT_PROTOTYPES = YES;
				CLANG_WARN_SUSPICIOUS_MOVE = YES;
				CLANG_WARN_UNGUARDED_AVAILABILITY = YES_AGGRESSIVE;
				CLANG_WARN_UNREACHABLE_CODE = YES;
				CLANG_WARN__DUPLICATE_METHOD_MATCH = YES;
				CODE_SIGN_IDENTITY = "iPhone Developer";
				COPY_PHASE_STRIP = NO;
				DEBUG_INFORMATION_FORMAT = "dwarf-with-dsym";
				ENABLE_NS_ASSERTIONS = NO;
				ENABLE_STRICT_OBJC_MSGSEND = YES;
				GCC_C_LANGUAGE_STANDARD = gnu11;
				GCC_NO_COMMON_BLOCKS = YES;
				GCC_WARN_64_TO_32_BIT_CONVERSION = YES;
				GCC_WARN_ABOUT_RETURN_TYPE = YES_ERROR;
				GCC_WARN_UNDECLARED_SELECTOR = YES;
				GCC_WARN_UNINITIALIZED_AUTOS = YES_AGGRESSIVE;
				GCC_WARN_UNUSED_FUNCTION = YES;
				GCC_WARN_UNUSED_VARIABLE = YES;
				IPHONEOS_DEPLOYMENT_TARGET = 12.4;
				MTL_ENABLE_DEBUG_INFO = NO;
				MTL_FAST_MATH = YES;
				SDKROOT = iphoneos;
				SWIFT_COMPILATION_MODE = wholemodule;
				SWIFT_OPTIMIZATION_LEVEL = "-O";
				VALIDATE_PRODUCT = YES;
			};
			name = Release;
		};
		C614385E232C23A900D81401 /* Debug */ = {
			isa = XCBuildConfiguration;
			buildSettings = {
				ASSETCATALOG_COMPILER_APPICON_NAME = AppIcon;
				CODE_SIGN_STYLE = Automatic;
				DEVELOPMENT_TEAM = 8FR9D6557V;
				INFOPLIST_FILE = flappyPomRas/Info.plist;
				LD_RUNPATH_SEARCH_PATHS = (
					"$(inherited)",
					"@executable_path/Frameworks",
				);
				PRODUCT_BUNDLE_IDENTIFIER = pursuit.flappyPomRas;
				PRODUCT_NAME = "$(TARGET_NAME)";
				SWIFT_VERSION = 5.0;
				TARGETED_DEVICE_FAMILY = "1,2";
			};
			name = Debug;
		};
		C614385F232C23A900D81401 /* Release */ = {
			isa = XCBuildConfiguration;
			buildSettings = {
				ASSETCATALOG_COMPILER_APPICON_NAME = AppIcon;
				CODE_SIGN_STYLE = Automatic;
				DEVELOPMENT_TEAM = 8FR9D6557V;
				INFOPLIST_FILE = flappyPomRas/Info.plist;
				LD_RUNPATH_SEARCH_PATHS = (
					"$(inherited)",
					"@executable_path/Frameworks",
				);
				PRODUCT_BUNDLE_IDENTIFIER = pursuit.flappyPomRas;
				PRODUCT_NAME = "$(TARGET_NAME)";
				SWIFT_VERSION = 5.0;
				TARGETED_DEVICE_FAMILY = "1,2";
			};
			name = Release;
		};
		C6143861232C23A900D81401 /* Debug */ = {
			isa = XCBuildConfiguration;
			buildSettings = {
				ALWAYS_EMBED_SWIFT_STANDARD_LIBRARIES = YES;
				BUNDLE_LOADER = "$(TEST_HOST)";
				CODE_SIGN_STYLE = Automatic;
				DEVELOPMENT_TEAM = 27KQ4G2M79;
				INFOPLIST_FILE = flappyPomRasTests/Info.plist;
				LD_RUNPATH_SEARCH_PATHS = (
					"$(inherited)",
					"@executable_path/Frameworks",
					"@loader_path/Frameworks",
				);
				PRODUCT_BUNDLE_IDENTIFIER = org.pursuit.flappyPomRasTests;
				PRODUCT_NAME = "$(TARGET_NAME)";
				SWIFT_VERSION = 5.0;
				TARGETED_DEVICE_FAMILY = "1,2";
				TEST_HOST = "$(BUILT_PRODUCTS_DIR)/flappyPomRas.app/flappyPomRas";
			};
			name = Debug;
		};
		C6143862232C23A900D81401 /* Release */ = {
			isa = XCBuildConfiguration;
			buildSettings = {
				ALWAYS_EMBED_SWIFT_STANDARD_LIBRARIES = YES;
				BUNDLE_LOADER = "$(TEST_HOST)";
				CODE_SIGN_STYLE = Automatic;
				DEVELOPMENT_TEAM = 27KQ4G2M79;
				INFOPLIST_FILE = flappyPomRasTests/Info.plist;
				LD_RUNPATH_SEARCH_PATHS = (
					"$(inherited)",
					"@executable_path/Frameworks",
					"@loader_path/Frameworks",
				);
				PRODUCT_BUNDLE_IDENTIFIER = org.pursuit.flappyPomRasTests;
				PRODUCT_NAME = "$(TARGET_NAME)";
				SWIFT_VERSION = 5.0;
				TARGETED_DEVICE_FAMILY = "1,2";
				TEST_HOST = "$(BUILT_PRODUCTS_DIR)/flappyPomRas.app/flappyPomRas";
			};
			name = Release;
		};
/* End XCBuildConfiguration section */

/* Begin XCConfigurationList section */
		C6143835232C23A800D81401 /* Build configuration list for PBXProject "flappyPomRas" */ = {
			isa = XCConfigurationList;
			buildConfigurations = (
				C614385B232C23A900D81401 /* Debug */,
				C614385C232C23A900D81401 /* Release */,
			);
			defaultConfigurationIsVisible = 0;
			defaultConfigurationName = Release;
		};
		C614385D232C23A900D81401 /* Build configuration list for PBXNativeTarget "flappyPomRas" */ = {
			isa = XCConfigurationList;
			buildConfigurations = (
				C614385E232C23A900D81401 /* Debug */,
				C614385F232C23A900D81401 /* Release */,
			);
			defaultConfigurationIsVisible = 0;
			defaultConfigurationName = Release;
		};
		C6143860232C23A900D81401 /* Build configuration list for PBXNativeTarget "flappyPomRasTests" */ = {
			isa = XCConfigurationList;
			buildConfigurations = (
				C6143861232C23A900D81401 /* Debug */,
				C6143862232C23A900D81401 /* Release */,
			);
			defaultConfigurationIsVisible = 0;
			defaultConfigurationName = Release;
		};
/* End XCConfigurationList section */
	};
	rootObject = C6143832232C23A800D81401 /* Project object */;
}
